// !$*UTF8*$!
{
	archiveVersion = 1;
	classes = {
	};
	objectVersion = 46;
	objects = {

/* Begin PBXBuildFile section */
		351F60A21E577984005E46AB /* AppDelegate.swift in Sources */ = {isa = PBXBuildFile; fileRef = 351F60A11E577984005E46AB /* AppDelegate.swift */; };
		351F60A41E577984005E46AB /* ViewController.swift in Sources */ = {isa = PBXBuildFile; fileRef = 351F60A31E577984005E46AB /* ViewController.swift */; };
		351F60A71E577984005E46AB /* Main.storyboard in Resources */ = {isa = PBXBuildFile; fileRef = 351F60A51E577984005E46AB /* Main.storyboard */; };
		351F60A91E577984005E46AB /* Assets.xcassets in Resources */ = {isa = PBXBuildFile; fileRef = 351F60A81E577984005E46AB /* Assets.xcassets */; };
		351F60AC1E577984005E46AB /* LaunchScreen.storyboard in Resources */ = {isa = PBXBuildFile; fileRef = 351F60AA1E577984005E46AB /* LaunchScreen.storyboard */; };
/* End PBXBuildFile section */

/* Begin PBXFileReference section */
		351F609E1E577984005E46AB /* FRDouYuZhiBo.app */ = {isa = PBXFileReference; explicitFileType = wrapper.application; includeInIndex = 0; path = FRDouYuZhiBo.app; sourceTree = BUILT_PRODUCTS_DIR; };
		351F60A11E577984005E46AB /* AppDelegate.swift */ = {isa = PBXFileReference; lastKnownFileType = sourcecode.swift; path = AppDelegate.swift; sourceTree = "<group>"; };
		351F60A31E577984005E46AB /* ViewController.swift */ = {isa = PBXFileReference; lastKnownFileType = sourcecode.swift; path = ViewController.swift; sourceTree = "<group>"; };
		351F60A61E577984005E46AB /* Base */ = {isa = PBXFileReference; lastKnownFileType = file.storyboard; name = Base; path = Base.lproj/Main.storyboard; sourceTree = "<group>"; };
		351F60A81E577984005E46AB /* Assets.xcassets */ = {isa = PBXFileReference; lastKnownFileType = folder.assetcatalog; path = Assets.xcassets; sourceTree = "<group>"; };
		351F60AB1E577984005E46AB /* Base */ = {isa = PBXFileReference; lastKnownFileType = file.storyboard; name = Base; path = Base.lproj/LaunchScreen.storyboard; sourceTree = "<group>"; };
		351F60AD1E577984005E46AB /* Info.plist */ = {isa = PBXFileReference; lastKnownFileType = text.plist.xml; path = Info.plist; sourceTree = "<group>"; };
/* End PBXFileReference section */

/* Begin PBXFrameworksBuildPhase section */
		351F609B1E577984005E46AB /* Frameworks */ = {
			isa = PBXFrameworksBuildPhase;
			buildActionMask = 2147483647;
			files = (
			);
			runOnlyForDeploymentPostprocessing = 0;
		};
/* End PBXFrameworksBuildPhase section */

/* Begin PBXGroup section */
		351F60951E577984005E46AB = {
			isa = PBXGroup;
			children = (
				351F60A01E577984005E46AB /* FRDouYuZhiBo */,
				351F609F1E577984005E46AB /* Products */,
			);
			sourceTree = "<group>";
		};
		351F609F1E577984005E46AB /* Products */ = {
			isa = PBXGroup;
			children = (
				351F609E1E577984005E46AB /* FRDouYuZhiBo.app */,
			);
			name = Products;
			sourceTree = "<group>";
		};
		351F60A01E577984005E46AB /* FRDouYuZhiBo */ = {
			isa = PBXGroup;
			children = (
				351F60A11E577984005E46AB /* AppDelegate.swift */,
				351F60A31E577984005E46AB /* ViewController.swift */,
				351F60A51E577984005E46AB /* Main.storyboard */,
				351F60A81E577984005E46AB /* Assets.xcassets */,
				351F60AA1E577984005E46AB /* LaunchScreen.storyboard */,
				351F60AD1E577984005E46AB /* Info.plist */,
			);
			path = FRDouYuZhiBo;
			sourceTree = "<group>";
		};
/* End PBXGroup section */

/* Begin PBXNativeTarget section */
		351F609D1E577984005E46AB /* FRDouYuZhiBo */ = {
			isa = PBXNativeTarget;
			buildConfigurationList = 351F60B01E577984005E46AB /* Build configuration list for PBXNativeTarget "FRDouYuZhiBo" */;
			buildPhases = (
				351F609A1E577984005E46AB /* Sources */,
				351F609B1E577984005E46AB /* Frameworks */,
				351F609C1E577984005E46AB /* Resources */,
			);
			buildRules = (
			);
			dependencies = (
			);
			name = FRDouYuZhiBo;
			productName = FRDouYuZhiBo;
			productReference = 351F609E1E577984005E46AB /* FRDouYuZhiBo.app */;
			productType = "com.apple.product-type.application";
		};
/* End PBXNativeTarget section */

/* Begin PBXProject section */
		351F60961E577984005E46AB /* Project object */ = {
			isa = PBXProject;
			attributes = {
				LastSwiftUpdateCheck = 0820;
				LastUpgradeCheck = 0820;
				ORGANIZATIONNAME = free;
				TargetAttributes = {
					351F609D1E577984005E46AB = {
						CreatedOnToolsVersion = 8.2.1;
						DevelopmentTeam = H5XB9M6U63;
						ProvisioningStyle = Automatic;
					};
				};
			};
			buildConfigurationList = 351F60991E577984005E46AB /* Build configuration list for PBXProject "FRDouYuZhiBo" */;
			compatibilityVersion = "Xcode 3.2";
			developmentRegion = English;
			hasScannedForEncodings = 0;
			knownRegions = (
				en,
				Base,
			);
			mainGroup = 351F60951E577984005E46AB;
			productRefGroup = 351F609F1E577984005E46AB /* Products */;
			projectDirPath = "";
			projectRoot = "";
			targets = (
				351F609D1E577984005E46AB /* FRDouYuZhiBo */,
			);
		};
/* End PBXProject section */

/* Begin PBXResourcesBuildPhase section */
		351F609C1E577984005E46AB /* Resources */ = {
			isa = PBXResourcesBuildPhase;
			buildActionMask = 2147483647;
			files = (
				351F60AC1E577984005E46AB /* LaunchScreen.storyboard in Resources */,
				351F60A91E577984005E46AB /* Assets.xcassets in Resources */,
				351F60A71E577984005E46AB /* Main.storyboard in Resources */,
			);
			runOnlyForDeploymentPostprocessing = 0;
		};
/* End PBXResourcesBuildPhase section */

/* Begin PBXSourcesBuildPhase section */
		351F609A1E577984005E46AB /* Sources */ = {
			isa = PBXSourcesBuildPhase;
			buildActionMask = 2147483647;
			files = (
				351F60A41E577984005E46AB /* ViewController.swift in Sources */,
				351F60A21E577984005E46AB /* AppDelegate.swift in Sources */,
			);
			runOnlyForDeploymentPostprocessing = 0;
		};
/* End PBXSourcesBuildPhase section */

/* Begin PBXVariantGroup section */
		351F60A51E577984005E46AB /* Main.storyboard */ = {
			isa = PBXVariantGroup;
			children = (
				351F60A61E577984005E46AB /* Base */,
			);
			name = Main.storyboard;
			sourceTree = "<group>";
		};
		351F60AA1E577984005E46AB /* LaunchScreen.storyboard */ = {
			isa = PBXVariantGroup;
			children = (
				351F60AB1E577984005E46AB /* Base */,
			);
			name = LaunchScreen.storyboard;
			sourceTree = "<group>";
		};
/* End PBXVariantGroup section */

/* Begin XCBuildConfiguration section */
		351F60AE1E577984005E46AB /* Debug */ = {
			isa = XCBuildConfiguration;
			buildSettings = {
				ALWAYS_SEARCH_USER_PATHS = NO;
				CLANG_ANALYZER_NONNULL = YES;
				CLANG_CXX_LANGUAGE_STANDARD = "gnu++0x";
				CLANG_CXX_LIBRARY = "libc++";
				CLANG_ENABLE_MODULES = YES;
				CLANG_ENABLE_OBJC_ARC = YES;
				CLANG_WARN_BOOL_CONVERSION = YES;
				CLANG_WARN_CONSTANT_CONVERSION = YES;
				CLANG_WARN_DIRECT_OBJC_ISA_USAGE = YES_ERROR;
				CLANG_WARN_DOCUMENTATION_COMMENTS = YES;
				CLANG_WARN_EMPTY_BODY = YES;
				CLANG_WARN_ENUM_CONVERSION = YES;
				CLANG_WARN_INFINITE_RECURSION = YES;
				CLANG_WARN_INT_CONVERSION = YES;
				CLANG_WARN_OBJC_ROOT_CLASS = YES_ERROR;
				CLANG_WARN_SUSPICIOUS_MOVE = YES;
				CLANG_WARN_UNREACHABLE_CODE = YES;
				CLANG_WARN__DUPLICATE_METHOD_MATCH = YES;
				"CODE_SIGN_IDENTITY[sdk=iphoneos*]" = "iPhone Developer";
				COPY_PHASE_STRIP = NO;
				DEBUG_INFORMATION_FORMAT = dwarf;
				ENABLE_STRICT_OBJC_MSGSEND = YES;
				ENABLE_TESTABILITY = YES;
				GCC_C_LANGUAGE_STANDARD = gnu99;
				GCC_DYNAMIC_NO_PIC = NO;
				GCC_NO_COMMON_BLOCKS = YES;
				GCC_OPTIMIZATION_LEVEL = 0;
				GCC_PREPROCESSOR_DEFINITIONS = (
					"DEBUG=1",
					"$(inherited)",
				);
				GCC_WARN_64_TO_32_BIT_CONVERSION = YES;
				GCC_WARN_ABOUT_RETURN_TYPE = YES_ERROR;
				GCC_WARN_UNDECLARED_SELECTOR = YES;
				GCC_WARN_UNINITIALIZED_AUTOS = YES_AGGRESSIVE;
				GCC_WARN_UNUSED_FUNCTION = YES;
				GCC_WARN_UNUSED_VARIABLE = YES;
				IPHONEOS_DEPLOYMENT_TARGET = 10.2;
				MTL_ENABLE_DEBUG_INFO = YES;
				ONLY_ACTIVE_ARCH = YES;
				SDKROOT = iphoneos;
				SWIFT_ACTIVE_COMPILATION_CONDITIONS = DEBUG;
				SWIFT_OPTIMIZATION_LEVEL = "-Onone";
			};
			name = Debug;
		};
		351F60AF1E577984005E46AB /* Release */ = {
			isa = XCBuildConfiguration;
			buildSettings = {
				ALWAYS_SEARCH_USER_PATHS = NO;
				CLANG_ANALYZER_NONNULL = YES;
				CLANG_CXX_LANGUAGE_STANDARD = "gnu++0x";
				CLANG_CXX_LIBRARY = "libc++";
				CLANG_ENABLE_MODULES = YES;
				CLANG_ENABLE_OBJC_ARC = YES;
				CLANG_WARN_BOOL_CONVERSION = YES;
				CLANG_WARN_CONSTANT_CONVERSION = YES;
				CLANG_WARN_DIRECT_OBJC_ISA_USAGE = YES_ERROR;
				CLANG_WARN_DOCUMENTATION_COMMENTS = YES;
				CLANG_WARN_EMPTY_BODY = YES;
				CLANG_WARN_ENUM_CONVERSION = YES;
				CLANG_WARN_INFINITE_RECURSION = YES;
				CLANG_WARN_INT_CONVERSION = YES;
				CLANG_WARN_OBJC_ROOT_CLASS = YES_ERROR;
				CLANG_WARN_SUSPICIOUS_MOVE = YES;
				CLANG_WARN_UNREACHABLE_CODE = YES;
				CLANG_WARN__DUPLICATE_METHOD_MATCH = YES;
				"CODE_SIGN_IDENTITY[sdk=iphoneos*]" = "iPhone Developer";
				COPY_PHASE_STRIP = NO;
				DEBUG_INFORMATION_FORMAT = "dwarf-with-dsym";
				ENABLE_NS_ASSERTIONS = NO;
				ENABLE_STRICT_OBJC_MSGSEND = YES;
				GCC_C_LANGUAGE_STANDARD = gnu99;
				GCC_NO_COMMON_BLOCKS = YES;
				GCC_WARN_64_TO_32_BIT_CONVERSION = YES;
				GCC_WARN_ABOUT_RETURN_TYPE = YES_ERROR;
				GCC_WARN_UNDECLARED_SELECTOR = YES;
				GCC_WARN_UNINITIALIZED_AUTOS = YES_AGGRESSIVE;
				GCC_WARN_UNUSED_FUNCTION = YES;
				GCC_WARN_UNUSED_VARIABLE = YES;
				IPHONEOS_DEPLOYMENT_TARGET = 10.2;
				MTL_ENABLE_DEBUG_INFO = NO;
				SDKROOT = iphoneos;
				SWIFT_OPTIMIZATION_LEVEL = "-Owholemodule";
				VALIDATE_PRODUCT = YES;
			};
			name = Release;
		};
		351F60B11E577984005E46AB /* Debug */ = {
			isa = XCBuildConfiguration;
			buildSettings = {
				ASSETCATALOG_COMPILER_APPICON_NAME = AppIcon;
				ASSETCATALOG_COMPILER_LAUNCHIMAGE_NAME = LaunchImage;
				DEVELOPMENT_TEAM = H5XB9M6U63;
				INFOPLIST_FILE = FRDouYuZhiBo/Info.plist;
				IPHONEOS_DEPLOYMENT_TARGET = 9.0;
				LD_RUNPATH_SEARCH_PATHS = "$(inherited) @executable_path/Frameworks";
				PRODUCT_BUNDLE_IDENTIFIER = "gzwwwcn.com.-----";
				PRODUCT_NAME = "$(TARGET_NAME)";
				SWIFT_VERSION = 3.0;
				TARGETED_DEVICE_FAMILY = 1;
			};
			name = Debug;
		};
		351F60B21E577984005E46AB /* Release */ = {
			isa = XCBuildConfiguration;
			buildSettings = {
				ASSETCATALOG_COMPILER_APPICON_NAME = AppIcon;
				ASSETCATALOG_COMPILER_LAUNCHIMAGE_NAME = LaunchImage;
				DEVELOPMENT_TEAM = H5XB9M6U63;
				INFOPLIST_FILE = FRDouYuZhiBo/Info.plist;
				IPHONEOS_DEPLOYMENT_TARGET = 9.0;
				LD_RUNPATH_SEARCH_PATHS = "$(inherited) @executable_path/Frameworks";
				PRODUCT_BUNDLE_IDENTIFIER = "gzwwwcn.com.-----";
				PRODUCT_NAME = "$(TARGET_NAME)";
				SWIFT_VERSION = 3.0;
				TARGETED_DEVICE_FAMILY = 1;
			};
			name = Release;
		};
/* End XCBuildConfiguration section */

/* Begin XCConfigurationList section */
		351F60991E577984005E46AB /* Build configuration list for PBXProject "FRDouYuZhiBo" */ = {
			isa = XCConfigurationList;
			buildConfigurations = (
				351F60AE1E577984005E46AB /* Debug */,
				351F60AF1E577984005E46AB /* Release */,
			);
			defaultConfigurationIsVisible = 0;
			defaultConfigurationName = Release;
		};
		351F60B01E577984005E46AB /* Build configuration list for PBXNativeTarget "FRDouYuZhiBo" */ = {
			isa = XCConfigurationList;
			buildConfigurations = (
				351F60B11E577984005E46AB /* Debug */,
				351F60B21E577984005E46AB /* Release */,
			);
			defaultConfigurationIsVisible = 0;
		};
/* End XCConfigurationList section */
	};
	rootObject = 351F60961E577984005E46AB /* Project object */;
}
